{
  "name": "scary-giiker-cube",
  "requires": true,
  "lockfileVersion": 1,
  "dependencies": {
    "@polymer/app-layout": {
      "version": "3.1.0",
      "resolved": "https://registry.npmjs.org/@polymer/app-layout/-/app-layout-3.1.0.tgz",
      "integrity": "sha512-+jf5/TtUDj/la9Vi59ooGNjnTN8JTkyIUK8gxAms0N3MmyeqrmcNLlJKDVyE6IIGKz0WfFeGKqKtmtTLHrZIlg==",
      "requires": {
        "@polymer/iron-flex-layout": "^3.0.0-pre.26",
        "@polymer/iron-media-query": "^3.0.0-pre.26",
        "@polymer/iron-resizable-behavior": "^3.0.0-pre.26",
        "@polymer/iron-scroll-target-behavior": "^3.0.0-pre.26",
        "@polymer/polymer": "^3.0.0"
      }
    },
    "@polymer/font-roboto": {
      "version": "3.0.2",
      "resolved": "https://registry.npmjs.org/@polymer/font-roboto/-/font-roboto-3.0.2.tgz",
      "integrity": "sha512-tx5TauYSmzsIvmSqepUPDYbs4/Ejz2XbZ1IkD7JEGqkdNUJlh+9KU85G56Tfdk/xjEZ8zorFfN09OSwiMrIQWA=="
    },
    "@polymer/iron-a11y-keys-behavior": {
      "version": "3.0.1",
      "resolved": "https://registry.npmjs.org/@polymer/iron-a11y-keys-behavior/-/iron-a11y-keys-behavior-3.0.1.tgz",
      "integrity": "sha512-lnrjKq3ysbBPT/74l0Fj0U9H9C35Tpw2C/tpJ8a+5g8Y3YJs1WSZYnEl1yOkw6sEyaxOq/1DkzH0+60gGu5/PQ==",
      "requires": {
        "@polymer/polymer": "^3.0.0"
      }
    },
    "@polymer/iron-behaviors": {
      "version": "3.0.1",
      "resolved": "https://registry.npmjs.org/@polymer/iron-behaviors/-/iron-behaviors-3.0.1.tgz",
      "integrity": "sha512-IMEwcv1lhf1HSQxuyWOUIL0lOBwmeaoSTpgCJeP9IBYnuB1SPQngmfRuHKgK6/m9LQ9F9miC7p3HeQQUdKAE0w==",
      "requires": {
        "@polymer/iron-a11y-keys-behavior": "^3.0.0-pre.26",
        "@polymer/polymer": "^3.0.0"
      }
    },
    "@polymer/iron-checked-element-behavior": {
      "version": "3.0.1",
      "resolved": "https://registry.npmjs.org/@polymer/iron-checked-element-behavior/-/iron-checked-element-behavior-3.0.1.tgz",
      "integrity": "sha512-aDr0cbCNVq49q+pOqa6CZutFh+wWpwPMLpEth9swx+GkAj+gCURhuQkaUYhIo5f2egDbEioR1aeHMnPlU9dQZA==",
      "requires": {
        "@polymer/iron-form-element-behavior": "^3.0.0-pre.26",
        "@polymer/iron-validatable-behavior": "^3.0.0-pre.26",
        "@polymer/polymer": "^3.0.0"
      }
    },
    "@polymer/iron-dropdown": {
      "version": "3.0.1",
      "resolved": "https://registry.npmjs.org/@polymer/iron-dropdown/-/iron-dropdown-3.0.1.tgz",
      "integrity": "sha512-22yLhepfcKjuQMfFmRHi/9MPKTqkzgRrmWWW0P5uqK++xle53k2QBO5VYUAYiCN3ZcxIi9lEhZ9YWGeQj2JBig==",
      "requires": {
        "@polymer/iron-behaviors": "^3.0.0-pre.26",
        "@polymer/iron-overlay-behavior": "^3.0.0-pre.27",
        "@polymer/neon-animation": "^3.0.0-pre.26",
        "@polymer/polymer": "^3.0.0"
      }
    },
    "@polymer/iron-fit-behavior": {
      "version": "3.0.1",
      "resolved": "https://registry.npmjs.org/@polymer/iron-fit-behavior/-/iron-fit-behavior-3.0.1.tgz",
      "integrity": "sha512-/M0B1L30k31vmwNBaGuZcxzUAhJSHoGccb/DF0CDKI/hT8UlkTvcyemaWdOpmHHLgY52ceKIkRwA3AeXrKyvaQ==",
      "requires": {
        "@polymer/polymer": "^3.0.0"
      }
    },
    "@polymer/iron-flex-layout": {
      "version": "3.0.1",
      "resolved": "https://registry.npmjs.org/@polymer/iron-flex-layout/-/iron-flex-layout-3.0.1.tgz",
      "integrity": "sha512-7gB869czArF+HZcPTVSgvA7tXYFze9EKckvM95NB7SqYF+NnsQyhoXgKnpFwGyo95lUjUW9TFDLUwDXnCYFtkw==",
      "requires": {
        "@polymer/polymer": "^3.0.0"
      }
    },
    "@polymer/iron-form-element-behavior": {
      "version": "3.0.1",
      "resolved": "https://registry.npmjs.org/@polymer/iron-form-element-behavior/-/iron-form-element-behavior-3.0.1.tgz",
      "integrity": "sha512-G/e2KXyL5AY7mMjmomHkGpgS0uAf4ovNpKhkuUTRnMuMJuf589bKqE85KN4ovE1Tzhv2hJoh/igyD6ekHiYU1A==",
      "requires": {
        "@polymer/polymer": "^3.0.0"
      }
    },
    "@polymer/iron-icon": {
      "version": "3.0.1",
      "resolved": "https://registry.npmjs.org/@polymer/iron-icon/-/iron-icon-3.0.1.tgz",
      "integrity": "sha512-QLPwirk+UPZNaLnMew9VludXA4CWUCenRewgEcGYwdzVgDPCDbXxy6vRJjmweZobMQv/oVLppT2JZtJFnPxX6g==",
      "requires": {
        "@polymer/iron-flex-layout": "^3.0.0-pre.26",
        "@polymer/iron-meta": "^3.0.0-pre.26",
        "@polymer/polymer": "^3.0.0"
      }
    },
    "@polymer/iron-iconset-svg": {
      "version": "3.0.1",
      "resolved": "https://registry.npmjs.org/@polymer/iron-iconset-svg/-/iron-iconset-svg-3.0.1.tgz",
      "integrity": "sha512-XNwURbNHRw6u2fJe05O5fMYye6GSgDlDqCO+q6K1zAnKIrpgZwf2vTkBd5uCcZwsN0FyCB3mvNZx4jkh85dRDw==",
      "requires": {
        "@polymer/iron-meta": "^3.0.0-pre.26",
        "@polymer/polymer": "^3.0.0"
      }
    },
    "@polymer/iron-media-query": {
      "version": "3.0.1",
      "resolved": "https://registry.npmjs.org/@polymer/iron-media-query/-/iron-media-query-3.0.1.tgz",
      "integrity": "sha512-czUX1pm1zfmfcZtq5J57XFkcobBv08Y50exp0/3v8Bos5VL/jv2tU0RwiTfDBxUMhjicGbgwEBFQPY2V5DMzyw==",
      "requires": {
        "@polymer/polymer": "^3.0.0"
      }
    },
    "@polymer/iron-menu-behavior": {
      "version": "3.0.1",
      "resolved": "https://registry.npmjs.org/@polymer/iron-menu-behavior/-/iron-menu-behavior-3.0.1.tgz",
      "integrity": "sha512-yIIBopb9ZaJBzvk20OFRaAXuTEuBw8d19Ja7r0Rfc3sTMt73UHGccBBeH51wCLLhQzNEBfwaQKOGg4INhl3unw==",
      "requires": {
        "@polymer/iron-a11y-keys-behavior": "^3.0.0-pre.26",
        "@polymer/iron-flex-layout": "^3.0.0-pre.26",
        "@polymer/iron-selector": "^3.0.0-pre.26",
        "@polymer/polymer": "^3.0.0"
      }
    },
    "@polymer/iron-meta": {
      "version": "3.0.1",
      "resolved": "https://registry.npmjs.org/@polymer/iron-meta/-/iron-meta-3.0.1.tgz",
      "integrity": "sha512-pWguPugiLYmWFV9UWxLWzZ6gm4wBwQdDy4VULKwdHCqR7OP7u98h+XDdGZsSlDPv6qoryV/e3tGHlTIT0mbzJA==",
      "requires": {
        "@polymer/polymer": "^3.0.0"
      }
    },
    "@polymer/iron-overlay-behavior": {
      "version": "3.0.1",
      "resolved": "https://registry.npmjs.org/@polymer/iron-overlay-behavior/-/iron-overlay-behavior-3.0.1.tgz",
      "integrity": "sha512-7XDaPVmH90G/hiyWdwv0VG+E4B2xpiWGhql8ghHg7Ik1E4gNCZ7pdeTvjnawfycjrsod0ZezhKOFavYWAaXVxA==",
      "requires": {
        "@polymer/iron-a11y-keys-behavior": "^3.0.0-pre.26",
        "@polymer/iron-fit-behavior": "^3.0.0-pre.26",
        "@polymer/iron-resizable-behavior": "^3.0.0-pre.26",
        "@polymer/polymer": "^3.0.0"
      }
    },
    "@polymer/iron-resizable-behavior": {
      "version": "3.0.1",
      "resolved": "https://registry.npmjs.org/@polymer/iron-resizable-behavior/-/iron-resizable-behavior-3.0.1.tgz",
      "integrity": "sha512-FyHxRxFspVoRaeZSWpT3y0C9awomb4tXXolIJcZ7RvXhMP632V5lez+ch5G5SwK0LpnAPkg35eB0LPMFv+YMMQ==",
      "requires": {
        "@polymer/polymer": "^3.0.0"
      }
    },
    "@polymer/iron-scroll-target-behavior": {
      "version": "3.0.1",
      "resolved": "https://registry.npmjs.org/@polymer/iron-scroll-target-behavior/-/iron-scroll-target-behavior-3.0.1.tgz",
      "integrity": "sha512-xg1WanG25BIkQE8rhuReqY9zx1K5M7F+YAIYpswEp5eyDIaZ1Y3vUmVeQ3KG+hiSugzI1M752azXN7kvyhOBcQ==",
      "requires": {
        "@polymer/polymer": "^3.0.0"
      }
    },
    "@polymer/iron-selector": {
      "version": "3.0.1",
      "resolved": "https://registry.npmjs.org/@polymer/iron-selector/-/iron-selector-3.0.1.tgz",
      "integrity": "sha512-sBVk2uas6prW0glUe2xEJJYlvxmYzM40Au9OKbfDK2Qekou/fLKcBRyIYI39kuI8zWRaip8f3CI8qXcUHnKb1A==",
      "requires": {
        "@polymer/polymer": "^3.0.0"
      }
    },
    "@polymer/iron-validatable-behavior": {
      "version": "3.0.1",
      "resolved": "https://registry.npmjs.org/@polymer/iron-validatable-behavior/-/iron-validatable-behavior-3.0.1.tgz",
      "integrity": "sha512-wwpYh6wOa4fNI+jH5EYKC7TVPYQ2OfgQqocWat7GsNWcsblKYhLYbwsvEY5nO0n2xKqNfZzDLrUom5INJN7msQ==",
      "requires": {
        "@polymer/iron-meta": "^3.0.0-pre.26",
        "@polymer/polymer": "^3.0.0"
      }
    },
    "@polymer/lit-element": {
      "version": "0.6.0",
      "resolved": "https://registry.npmjs.org/@polymer/lit-element/-/lit-element-0.6.0.tgz",
      "integrity": "sha512-9Agca2zlw61WCkKjp0jsz90FwQ1SGwWRJePQQtydlBkjxZ6P1O2uY6x6eLhIPScZ8vgklKRhvrx2xNX3QgMl4g==",
      "requires": {
        "lit-html": "^0.11.2"
      }
    },
    "@polymer/neon-animation": {
      "version": "3.0.1",
      "resolved": "https://registry.npmjs.org/@polymer/neon-animation/-/neon-animation-3.0.1.tgz",
      "integrity": "sha512-cDDc0llpVCe0ATbDS3clDthI54Bc8YwZIeTGGmBJleKOvbRTUC5+ssJmRL+VwVh+VM5FlnQlx760ppftY3uprg==",
      "requires": {
        "@polymer/iron-resizable-behavior": "^3.0.0-pre.26",
        "@polymer/iron-selector": "^3.0.0-pre.26",
        "@polymer/polymer": "^3.0.0"
      }
    },
    "@polymer/paper-behaviors": {
      "version": "3.0.1",
      "resolved": "https://registry.npmjs.org/@polymer/paper-behaviors/-/paper-behaviors-3.0.1.tgz",
      "integrity": "sha512-6knhj69fPJejv8qR0kCSUY+Q0XjaUf0OSnkjRjmTJPAwSrRYtgqE+l6P1FfA+py1X/cUjgne9EF5rMZAKJIg1g==",
      "requires": {
        "@polymer/iron-behaviors": "^3.0.0-pre.26",
        "@polymer/iron-checked-element-behavior": "^3.0.0-pre.26",
        "@polymer/paper-ripple": "^3.0.0-pre.26",
        "@polymer/polymer": "^3.0.0"
      }
    },
    "@polymer/paper-button": {
      "version": "3.0.1",
      "resolved": "https://registry.npmjs.org/@polymer/paper-button/-/paper-button-3.0.1.tgz",
      "integrity": "sha512-JRNBc+Oj9EWnmyLr7FcCr8T1KAnEHPh6mosln9BUdkM+qYaYsudSICh3cjTIbnj6AuF5OJidoLkM1dlyj0j6Zg==",
      "requires": {
        "@polymer/iron-flex-layout": "^3.0.0-pre.26",
        "@polymer/paper-behaviors": "^3.0.0-pre.27",
        "@polymer/paper-styles": "^3.0.0-pre.26",
        "@polymer/polymer": "^3.0.0"
      }
    },
    "@polymer/paper-icon-button": {
      "version": "3.0.2",
      "resolved": "https://registry.npmjs.org/@polymer/paper-icon-button/-/paper-icon-button-3.0.2.tgz",
      "integrity": "sha512-kOdxQgnKL097bggFF6PWvsBYuWg+MCcoHoTHX6bh/MuZoWFZNjrFntFqwuB4oEbpjCpfm4moA33muPJFj7CihQ==",
      "requires": {
        "@polymer/iron-icon": "^3.0.0-pre.26",
        "@polymer/paper-behaviors": "^3.0.0-pre.27",
        "@polymer/paper-styles": "^3.0.0-pre.26",
        "@polymer/polymer": "^3.0.0"
      }
    },
    "@polymer/paper-item": {
      "version": "3.0.1",
      "resolved": "https://registry.npmjs.org/@polymer/paper-item/-/paper-item-3.0.1.tgz",
      "integrity": "sha512-KTk2N+GsYiI/HuubL3sxebZ6tteQbBOAp4QVLAnbjSPmwl+mJSDWk+omuadesU0bpkCwaWVs3fHuQsmXxy4pkw==",
      "requires": {
        "@polymer/iron-behaviors": "^3.0.0-pre.26",
        "@polymer/iron-flex-layout": "^3.0.0-pre.26",
        "@polymer/paper-styles": "^3.0.0-pre.26",
        "@polymer/polymer": "^3.0.0"
      }
    },
    "@polymer/paper-listbox": {
      "version": "3.0.1",
      "resolved": "https://registry.npmjs.org/@polymer/paper-listbox/-/paper-listbox-3.0.1.tgz",
      "integrity": "sha512-vMLWFpYcggAPmEDBmK+96fFefacOG3GLB1EguTn8+ZkqI+328hNfw1MzHjH68rgCIIUtjmm+9qgB1Sy/MN0a/A==",
      "requires": {
        "@polymer/iron-behaviors": "^3.0.0-pre.26",
        "@polymer/iron-menu-behavior": "^3.0.0-pre.26",
        "@polymer/paper-styles": "^3.0.0-pre.26",
        "@polymer/polymer": "^3.0.0"
      }
    },
    "@polymer/paper-menu-button": {
      "version": "3.0.1",
      "resolved": "https://registry.npmjs.org/@polymer/paper-menu-button/-/paper-menu-button-3.0.1.tgz",
      "integrity": "sha512-Rxte2Fp7N2BMI2FMM7tB25IkvD11DhjMklcg97JP1jnlHbJNrXPh5SSX2bdtabz49UE8vejIsrxZ+AGsB5nqIQ==",
      "requires": {
        "@polymer/iron-a11y-keys-behavior": "^3.0.0-pre.26",
        "@polymer/iron-behaviors": "^3.0.0-pre.26",
        "@polymer/iron-dropdown": "^3.0.0-pre.26",
        "@polymer/iron-fit-behavior": "^3.0.0-pre.26",
        "@polymer/neon-animation": "^3.0.0-pre.26",
        "@polymer/paper-styles": "^3.0.0-pre.26",
        "@polymer/polymer": "^3.0.0"
      }
    },
    "@polymer/paper-ripple": {
      "version": "3.0.1",
      "resolved": "https://registry.npmjs.org/@polymer/paper-ripple/-/paper-ripple-3.0.1.tgz",
      "integrity": "sha512-dgOe12GyCF1VZBLUQqnzGWlf3xb255FajNCVB1VFj/AtskYtoamnafa7m3a+1vs+C8qbg4Benn5KwgxVDSW4cg==",
      "requires": {
        "@polymer/iron-a11y-keys-behavior": "^3.0.0-pre.26",
        "@polymer/polymer": "^3.0.0"
      }
    },
    "@polymer/paper-styles": {
      "version": "3.0.1",
      "resolved": "https://registry.npmjs.org/@polymer/paper-styles/-/paper-styles-3.0.1.tgz",
      "integrity": "sha512-y6hmObLqlCx602TQiSBKHqjwkE7xmDiFkoxdYGaNjtv4xcysOTdVJsDR/R9UHwIaxJ7gHlthMSykir1nv78++g==",
      "requires": {
        "@polymer/font-roboto": "^3.0.1",
        "@polymer/iron-flex-layout": "^3.0.0-pre.26",
        "@polymer/polymer": "^3.0.0"
      }
    },
    "@polymer/paper-swatch-picker": {
      "version": "3.0.1",
      "resolved": "https://registry.npmjs.org/@polymer/paper-swatch-picker/-/paper-swatch-picker-3.0.1.tgz",
      "integrity": "sha512-LFuzQf/NOI/nM1oR/BUFbeQ7UXo/KWQ/wxMI692z60FyCmSK24WaEaRjVJeLCj07KFpCHvcae0lmiyNVYEfOeg==",
      "requires": {
        "@polymer/iron-flex-layout": "^3.0.0-pre.26",
        "@polymer/iron-iconset-svg": "^3.0.0-pre.26",
        "@polymer/paper-icon-button": "^3.0.0-pre.26",
        "@polymer/paper-item": "^3.0.0-pre.26",
        "@polymer/paper-listbox": "^3.0.0-pre.26",
        "@polymer/paper-menu-button": "^3.0.0-pre.26",
        "@polymer/polymer": "^3.0.0"
      }
    },
    "@polymer/paper-tooltip": {
      "version": "3.0.1",
      "resolved": "https://registry.npmjs.org/@polymer/paper-tooltip/-/paper-tooltip-3.0.1.tgz",
      "integrity": "sha512-yiUk09opTEnE1lK+tb501ENb+yQBi4p++Ep0eGJAHesVYKVMPNgPphVKkIizkDaU+n0SE+zXfTsRbYyOMDYXSg==",
      "requires": {
        "@polymer/paper-styles": "^3.0.0-pre.26",
        "@polymer/polymer": "^3.0.0"
      }
    },
    "@polymer/polymer": {
      "version": "3.3.0",
      "resolved": "https://registry.npmjs.org/@polymer/polymer/-/polymer-3.3.0.tgz",
      "integrity": "sha512-rij7suomS7DxdBamnwr/Xa0V5hpypf7I9oYKseF2FWz5Xh2a3wJNpVjgJy1adXVCxqIyPhghsrthnfCt7EblsQ==",
      "requires": {
        "@webcomponents/shadycss": "^1.9.1"
      }
    },
    "@scarygami/giiker": {
      "version": "3.0.0",
      "resolved": "https://registry.npmjs.org/@scarygami/giiker/-/giiker-3.0.0.tgz",
      "integrity": "sha512-x1FD0keGtsGnNiaH+uqm9ZfkXm3WV85xKuD0kh6bvDFFLNSsHR3lLktQrqVaGaACU2PXIjFQniR2ihRDU3Am8A==",
      "requires": {
        "@babel/runtime": "^7.5.4"
      },
      "dependencies": {
        "@babel/runtime": {
          "version": "7.5.4",
          "resolved": "https://registry.npmjs.org/@babel/runtime/-/runtime-7.5.4.tgz",
          "integrity": "sha512-Na84uwyImZZc3FKf4aUF1tysApzwf3p2yuFBIyBfbzT5glzKTdvYI4KVW4kcgjrzoGUjC7w3YyCHcJKaRxsr2Q==",
          "requires": {
            "regenerator-runtime": "^0.13.2"
          }
        },
        "regenerator-runtime": {
          "version": "0.13.2",
          "resolved": "https://registry.npmjs.org/regenerator-runtime/-/regenerator-runtime-0.13.2.tgz",
          "integrity": "sha512-S/TQAZJO+D3m9xeN1WTI8dLKBBiRgXBlTJvbWjCThHWZj9EvHK70Ff50/tYj2J/fvBY6JtFVwRuazHN2E7M9BA=="
        }
      }
    },
    "@scarygami/scary-cube": {
      "version": "2.2.0",
      "resolved": "https://registry.npmjs.org/@scarygami/scary-cube/-/scary-cube-2.2.0.tgz",
      "integrity": "sha512-HmP+bL4MNIV6WUAu9YI5RAouasJQe/SkZvXWlIn7DHwHSjOYBLTmpNaQzraDqu7kGhWtbG4iPaad6L97OX5rkg==",
      "requires": {
        "@polymer/polymer": "^3.3.0",
        "lit-element": "^2.2.0",
        "resize-observer-polyfill": "^1.5.1"
      }
    },
    "@scarygami/scary-stopwatch": {
      "version": "1.1.0",
      "resolved": "https://registry.npmjs.org/@scarygami/scary-stopwatch/-/scary-stopwatch-1.1.0.tgz",
      "integrity": "sha512-jtZwiGwdQInRHEzBET/dkiEA3yS46DQt1tb12vn/OeXhHfnShoGPswcrSmBNYKNzu0zXbFyMZICV/uQYzuxz1A==",
      "requires": {
        "@polymer/lit-element": "^0.6.0"
      }
    },
    "@webcomponents/shadycss": {
      "version": "1.9.1",
      "resolved": "https://registry.npmjs.org/@webcomponents/shadycss/-/shadycss-1.9.1.tgz",
      "integrity": "sha512-IaZOnWOKXHghqk/WfPNDRIgDBi3RsVPY2IFAw6tYiL9UBGvQRy5R6uC+Fk7qTZsReTJ0xh5MTT8yAcb3MUR4mQ=="
    },
    "@webcomponents/webcomponentsjs": {
      "version": "2.2.10",
      "resolved": "https://registry.npmjs.org/@webcomponents/webcomponentsjs/-/webcomponentsjs-2.2.10.tgz",
      "integrity": "sha512-5dzhUhP+h0qMiK0IWb7VNb0OGBoXO3AuI6Qi8t9PoKT50s5L1jv0xnwnLq+cFgPuTB8FLTNP8xIDmyoOsKBy9Q=="
    },
    "cube-scrambler": {
      "version": "github:scarygami/cube-scrambler#8fae5a5325f2858db7d6d603bd8c010793b83850",
      "from": "github:scarygami/cube-scrambler#master"
    },
    "dexie": {
      "version": "2.0.4",
      "resolved": "https://registry.npmjs.org/dexie/-/dexie-2.0.4.tgz",
      "integrity": "sha512-aQ/s1U2wHxwBKRrt2Z/mwFNHMQWhESerFsMYzE+5P5OsIe5o1kgpFMWkzKTtkvkyyEni6mWr/T4HUJuY9xIHLA=="
    },
    "lit-element": {
      "version": "2.2.0",
      "resolved": "https://registry.npmjs.org/lit-element/-/lit-element-2.2.0.tgz",
      "integrity": "sha512-Mzs3H7IO4wAnpzqreHw6dQqp9IG+h/oN8X9pgNbMZbE7x6B0aNOwP5Nveox/5HE+65ZfW2PeULEjoHkrwpTnuQ==",
      "requires": {
        "lit-html": "^1.0.0"
      },
      "dependencies": {
        "lit-html": {
          "version": "1.1.1",
          "resolved": "https://registry.npmjs.org/lit-html/-/lit-html-1.1.1.tgz",
          "integrity": "sha512-1WqhkPpj+CKwLRXCCbyRGnWkcFKE4ft2+j8C2zaXwFUK9I2vYDzTuDGPh0H9hZcDBEwoe6YpPC8AO5734EPORQ=="
        }
      }
    },
    "lit-html": {
      "version": "0.11.3",
      "resolved": "https://registry.npmjs.org/lit-html/-/lit-html-0.11.3.tgz",
      "integrity": "sha512-udv1BARKZDXVyul+MUTfg1U75UdqDgXf4kXQMs0Nz1qrlqKzQT8Ty4mn7+09sFcbInCWi3sLX4KiWyEHjVskZA=="
    },
    "nosleep.js": {
      "version": "0.7.0",
      "resolved": "https://registry.npmjs.org/nosleep.js/-/nosleep.js-0.7.0.tgz",
      "integrity": "sha1-z9kZwlUjyg0PSmn7MwXAg62u4ok="
    },
    "resize-observer-polyfill": {
      "version": "1.5.1",
      "resolved": "https://registry.npmjs.org/resize-observer-polyfill/-/resize-observer-polyfill-1.5.1.tgz",
      "integrity": "sha512-LwZrotdHOo12nQuZlHEmtuXdqGoOD0OhaxopaNFxWzInpEgaLWoVuAMbTzixuosCx2nEG58ngzW3vxdWoxIgdg=="
    },
    "web-animations-js": {
      "version": "2.3.2",
      "resolved": "https://registry.npmjs.org/web-animations-js/-/web-animations-js-2.3.2.tgz",
      "integrity": "sha512-TOMFWtQdxzjWp8qx4DAraTWTsdhxVSiWa6NkPFSaPtZ1diKUxTn4yTix73A1euG1WbSOMMPcY51cnjTIHrGtDA=="
    }
  }
}
