{
  "name": "scary-giiker-cube",
  "requires": true,
  "lockfileVersion": 1,
  "dependencies": {
    "@babel/runtime": {
      "version": "7.0.0",
      "resolved": "https://registry.npmjs.org/@babel/runtime/-/runtime-7.0.0.tgz",
      "integrity": "sha512-7hGhzlcmg01CvH1EHdSPVXYX1aJ8KCEyz6I9xYIi/asDtzBPMyMhVibhM/K6g/5qnKBwjZtp10bNZIEFTRW1MA==",
      "requires": {
        "regenerator-runtime": "^0.12.0"
      }
    },
    "@polymer/app-layout": {
      "version": "3.0.0-pre.25",
      "resolved": "https://registry.npmjs.org/@polymer/app-layout/-/app-layout-3.0.0-pre.25.tgz",
      "integrity": "sha512-ylCBk3yNvzfIDm7LZxdSc8SCTzPkcrNxMib2QwfY5iWMJtjyS4aDUAnbfkHQ4ry5VTqJJ3b6s+/Gqh7BfwqClA==",
      "requires": {
        "@polymer/iron-flex-layout": "^3.0.0-pre.24",
        "@polymer/iron-media-query": "^3.0.0-pre.24",
        "@polymer/iron-resizable-behavior": "^3.0.0-pre.24",
        "@polymer/iron-scroll-target-behavior": "^3.0.0-pre.24",
        "@polymer/polymer": "^3.0.0"
      }
    },
    "@polymer/font-roboto": {
      "version": "3.0.0-pre.25",
      "resolved": "https://registry.npmjs.org/@polymer/font-roboto/-/font-roboto-3.0.0-pre.25.tgz",
      "integrity": "sha512-wO/GVqgFDVbKlXvBvsM10mod10XF+cJCjeQh8IltXEZy9SIiWMtdOz/ILqceRPkAZV9xyAXcn4mfunZ/MYPJaA=="
    },
    "@polymer/iron-a11y-keys-behavior": {
      "version": "3.0.0-pre.25",
      "resolved": "https://registry.npmjs.org/@polymer/iron-a11y-keys-behavior/-/iron-a11y-keys-behavior-3.0.0-pre.25.tgz",
      "integrity": "sha512-nLEu/Mr0nHI9QosG6k75TyScQVUnuwEn6hFBubFravU0QQ8o2+TTwvK5XAVlW2fcNieEvmgC8EhI6FZJCUsCig==",
      "requires": {
        "@polymer/polymer": "^3.0.0"
      }
    },
    "@polymer/iron-behaviors": {
      "version": "3.0.0-pre.25",
      "resolved": "https://registry.npmjs.org/@polymer/iron-behaviors/-/iron-behaviors-3.0.0-pre.25.tgz",
      "integrity": "sha512-+oo+Ac+NiSi5SwiyqrTPzwXG15nJkHtjhDwI8cOw61AkkH7sjcytTAyrgrXD/ePsd7+TvWGM6yQfcLH5YhQe5A==",
      "requires": {
        "@polymer/iron-a11y-keys-behavior": "^3.0.0-pre.24",
        "@polymer/polymer": "^3.0.0"
      }
    },
    "@polymer/iron-checked-element-behavior": {
      "version": "3.0.0-pre.25",
      "resolved": "https://registry.npmjs.org/@polymer/iron-checked-element-behavior/-/iron-checked-element-behavior-3.0.0-pre.25.tgz",
      "integrity": "sha512-BBIITYvJKHbWFpwNFzJNLi+smtb3t+iRiExsu72SnpphHpZqoU0Gao6KUXH74Din6ddKoiNhzwr5j7ihv1XIbw==",
      "requires": {
        "@polymer/iron-form-element-behavior": "^3.0.0-pre.24",
        "@polymer/iron-validatable-behavior": "^3.0.0-pre.24",
        "@polymer/polymer": "^3.0.0"
      }
    },
    "@polymer/iron-flex-layout": {
      "version": "3.0.0-pre.25",
      "resolved": "https://registry.npmjs.org/@polymer/iron-flex-layout/-/iron-flex-layout-3.0.0-pre.25.tgz",
      "integrity": "sha512-ykYxrF6UlnWP0jcbXV51BG3Ts6XD6BWg7HOzkt60YWNkB69QUf3grESUkfT/SERj7WySlGom4no/tdpOPRtwAw==",
      "requires": {
        "@polymer/polymer": "^3.0.0"
      }
    },
    "@polymer/iron-form-element-behavior": {
      "version": "3.0.0-pre.25",
      "resolved": "https://registry.npmjs.org/@polymer/iron-form-element-behavior/-/iron-form-element-behavior-3.0.0-pre.25.tgz",
      "integrity": "sha512-YBbURxfnKYbDhqvhMc5P9arv0NI8nQkpj+Vg8yCJ/dwXTeKv2Olxl5/+CaslsaGsOKWQl1o4iITRwcF5cwQ6aQ==",
      "requires": {
        "@polymer/polymer": "^3.0.0"
      }
    },
    "@polymer/iron-icon": {
      "version": "3.0.0-pre.25",
      "resolved": "https://registry.npmjs.org/@polymer/iron-icon/-/iron-icon-3.0.0-pre.25.tgz",
      "integrity": "sha512-qPN74NM/EA0+yh0m2QgxI7tUXq9Lg6xdPLbEu3KBiNdOod/36o/MJp0uHSN77D15S4zPD4oWB065w8h94j4RPg==",
      "requires": {
        "@polymer/iron-flex-layout": "^3.0.0-pre.24",
        "@polymer/iron-meta": "^3.0.0-pre.24",
        "@polymer/polymer": "^3.0.0"
      }
    },
    "@polymer/iron-iconset-svg": {
      "version": "3.0.0-pre.25",
      "resolved": "https://registry.npmjs.org/@polymer/iron-iconset-svg/-/iron-iconset-svg-3.0.0-pre.25.tgz",
      "integrity": "sha512-VFttgxS07p1Qxb4xhxA5hFNYkWzy2FAE2TFjakEJ/bKgJwOVgZ4oMkk9e0+6xkb/xWiHS4FuGpoTbS4PRhtQZQ==",
      "requires": {
        "@polymer/iron-meta": "^3.0.0-pre.24",
        "@polymer/polymer": "^3.0.0"
      }
    },
    "@polymer/iron-media-query": {
      "version": "3.0.0-pre.25",
      "resolved": "https://registry.npmjs.org/@polymer/iron-media-query/-/iron-media-query-3.0.0-pre.25.tgz",
      "integrity": "sha512-pC90SR3wZoLXESvJWn827dWby8aVpwt5CJad8ehb9CEtcW7Y/lS1zut4v2f7e2nxqOqJp7UAmCgtFh69GE4n4A==",
      "requires": {
        "@polymer/polymer": "^3.0.0"
      }
    },
    "@polymer/iron-meta": {
      "version": "3.0.0-pre.25",
      "resolved": "https://registry.npmjs.org/@polymer/iron-meta/-/iron-meta-3.0.0-pre.25.tgz",
      "integrity": "sha512-Pot2n+3fINPAS97erAwg1Ps0CRISomGQQZvJeuqeUjgdrdfKuDaWnGdASY6ndmdcEgcwaSJfJrBpTUCBIZmtJw==",
      "requires": {
        "@polymer/polymer": "^3.0.0"
      }
    },
    "@polymer/iron-resizable-behavior": {
      "version": "3.0.0-pre.25",
      "resolved": "https://registry.npmjs.org/@polymer/iron-resizable-behavior/-/iron-resizable-behavior-3.0.0-pre.25.tgz",
      "integrity": "sha512-6C9s5pkjNpTekJFEu/cbEpftC12080ncMekAhIYzbDDa56VVDxWqH2f5M3l2XM55fWkMlfUh3JCiPwlxO4vDCw==",
      "requires": {
        "@polymer/polymer": "^3.0.0"
      }
    },
    "@polymer/iron-scroll-target-behavior": {
      "version": "3.0.0-pre.25",
      "resolved": "https://registry.npmjs.org/@polymer/iron-scroll-target-behavior/-/iron-scroll-target-behavior-3.0.0-pre.25.tgz",
      "integrity": "sha512-2w7ZxBnRpHuZ/p+Zj4p3u8j49/SLBZJ6kc+LAtabjgA+yqd81kaF+tIVxZLIwRtkmeqQSNUbqpAVzMIqWcuAmg==",
      "requires": {
        "@polymer/polymer": "^3.0.0"
      }
    },
    "@polymer/iron-validatable-behavior": {
      "version": "3.0.0-pre.25",
      "resolved": "https://registry.npmjs.org/@polymer/iron-validatable-behavior/-/iron-validatable-behavior-3.0.0-pre.25.tgz",
      "integrity": "sha512-xTUUYkQy4D5zoIm9IurtCAMJrew2Atubu87XNwZzySBjrcMHSxU98VtItpCYfWsFlld8Kqk2AQ2EUONo3TLAdw==",
      "requires": {
        "@polymer/iron-meta": "^3.0.0-pre.24",
        "@polymer/polymer": "^3.0.0"
      }
    },
    "@polymer/lit-element": {
      "version": "0.6.0-dev.6",
      "resolved": "https://registry.npmjs.org/@polymer/lit-element/-/lit-element-0.6.0-dev.6.tgz",
      "integrity": "sha512-f0qPKjDzkcew36COMrNZqOstnCNuxiAontFdBSyWXcdMve5WenDj6dViMnraNXaYWWV/Vg7/18KroB/Lpix1AQ==",
      "requires": {
        "lit-html": "^0.11.0"
      }
    },
    "@polymer/paper-behaviors": {
      "version": "3.0.0-pre.26",
      "resolved": "https://registry.npmjs.org/@polymer/paper-behaviors/-/paper-behaviors-3.0.0-pre.26.tgz",
      "integrity": "sha512-qp7Anu8kE8qoXhvGmWk/Su91b6fgyz2Us2UrrYPZGzldzispt52YjV/5UnGpHffhTfosxvBNPhNWzC2OcpLciQ==",
      "requires": {
        "@polymer/iron-behaviors": "^3.0.0-pre.24",
        "@polymer/iron-checked-element-behavior": "^3.0.0-pre.24",
        "@polymer/paper-ripple": "^3.0.0-pre.24",
        "@polymer/polymer": "^3.0.0"
      }
    },
    "@polymer/paper-button": {
      "version": "3.0.0-pre.25",
      "resolved": "https://registry.npmjs.org/@polymer/paper-button/-/paper-button-3.0.0-pre.25.tgz",
      "integrity": "sha512-tAUyFqhu34Ydi8SELJWkKsFGOnYqQ9AhCfGjZKQlI5Q02iKZb6Ndua/4w8q8g/5OXAyiN48c8QTi52z7lqOVXg==",
      "requires": {
        "@polymer/iron-flex-layout": "^3.0.0-pre.24",
        "@polymer/paper-behaviors": "^3.0.0-pre.25",
        "@polymer/paper-styles": "^3.0.0-pre.24",
        "@polymer/polymer": "^3.0.0"
      }
    },
    "@polymer/paper-ripple": {
      "version": "3.0.0-pre.25",
      "resolved": "https://registry.npmjs.org/@polymer/paper-ripple/-/paper-ripple-3.0.0-pre.25.tgz",
      "integrity": "sha512-Scjqdzgsx5giEL7BgOLi0TclVjZjqbxPKmzjCbb58WeMI3hqWtR/AchTu4a94M9BuxYJkq4QQNp9lKInyqqKQg==",
      "requires": {
        "@polymer/iron-a11y-keys-behavior": "^3.0.0-pre.24",
        "@polymer/polymer": "^3.0.0"
      }
    },
    "@polymer/paper-styles": {
      "version": "3.0.0-pre.25",
      "resolved": "https://registry.npmjs.org/@polymer/paper-styles/-/paper-styles-3.0.0-pre.25.tgz",
      "integrity": "sha512-WgbPo5K6GINEJsWwwothtNJbcj9S/B1t8GmzBxBZ6fMwLK9CbxNn4nAgkwgT1VOc1MspcXz4sOoOtCLeu5a8tw==",
      "requires": {
        "@polymer/font-roboto": "^3.0.0-pre.24",
        "@polymer/iron-flex-layout": "^3.0.0-pre.24",
        "@polymer/polymer": "^3.0.0"
      }
    },
    "@polymer/polymer": {
      "version": "3.0.5",
      "resolved": "https://registry.npmjs.org/@polymer/polymer/-/polymer-3.0.5.tgz",
      "integrity": "sha512-Zbmhtr5vZ3NoHWwFYLKI4ff7yfE6DZopI8vaS7HvmUIuNqsv/EpEDXfNEYjqePQmkMX5LU9OIKV1eX/+9aveow==",
      "requires": {
        "@webcomponents/shadycss": "^1.2.0"
      }
    },
    "@scarygami/scary-cube": {
      "version": "2.0.0-dev.7",
      "resolved": "https://registry.npmjs.org/@scarygami/scary-cube/-/scary-cube-2.0.0-dev.7.tgz",
      "integrity": "sha512-ggY582Ac8DAfJn7X/xwKiGFK/fzHO3Zbs+d5L3oZn3v40sEyagbFJ+CbtxsGgIPjzm2KBCR70sOIOW+pdkWL0Q==",
      "requires": {
        "@polymer/lit-element": ">=0.6.0-dev.6 <2.0.0",
        "@polymer/polymer": "^3.0.0",
        "resize-observer-polyfill": "^1.5.0"
      }
    },
    "@scarygami/scary-stopwatch": {
      "version": "1.1.0-dev.4",
      "resolved": "https://registry.npmjs.org/@scarygami/scary-stopwatch/-/scary-stopwatch-1.1.0-dev.4.tgz",
      "integrity": "sha512-6DEszOp/hkINp+xW3GtLq3H8NBXnP0CWscaeH5mmcFCzQUR/HeTXEeqsdimkzl6kAG4FyZlO5LiKxw2WlM2DMQ==",
      "requires": {
        "@polymer/lit-element": "^0.6.0-dev.6"
      }
    },
    "@webcomponents/shadycss": {
      "version": "1.5.0",
      "resolved": "https://registry.npmjs.org/@webcomponents/shadycss/-/shadycss-1.5.0.tgz",
      "integrity": "sha512-jNuC7alo3EfiqZPosCruJuMAaUI9qgiuGxFcFyPWjOpo4BP+vgC7hxpTzQYxbIWUgrqkn9lnfPup2hE9c/h/PQ=="
    },
    "@webcomponents/webcomponentsjs": {
      "version": "2.1.1",
      "resolved": "https://registry.npmjs.org/@webcomponents/webcomponentsjs/-/webcomponentsjs-2.1.1.tgz",
      "integrity": "sha512-CgXV1O94jruR0YVijA55bP4SQBRvRKDmByWce47vCZIJ3HPHOph0VtjpO5vYEUyZzfadqfjICBMkZOagTT9XQw=="
    },
    "cube-scrambler": {
      "version": "github:scarygami/cube-scrambler#8fae5a5325f2858db7d6d603bd8c010793b83850",
      "from": "github:scarygami/cube-scrambler#master"
    },
    "giiker": {
      "version": "github:scarygami/giiker#6ce18b270cea6bdcab173e0196c02119ed3fc492",
      "from": "github:scarygami/giiker#mjs-test",
      "requires": {
        "@babel/runtime": "^7.0.0-beta.55"
      }
    },
    "lit-html": {
      "version": "0.11.0",
      "resolved": "https://registry.npmjs.org/lit-html/-/lit-html-0.11.0.tgz",
      "integrity": "sha512-orv9crT603R/uTF3HYeuL7wRMXy2FuvuB4EvyKX3Gc1eoljN5FCDlawAOL/eOmlAedkSemNeJbMbnAazgy4ieg=="
    },
    "nosleep.js": {
      "version": "0.7.0",
      "resolved": "https://registry.npmjs.org/nosleep.js/-/nosleep.js-0.7.0.tgz",
      "integrity": "sha1-z9kZwlUjyg0PSmn7MwXAg62u4ok="
    },
    "regenerator-runtime": {
      "version": "0.12.1",
      "resolved": "https://registry.npmjs.org/regenerator-runtime/-/regenerator-runtime-0.12.1.tgz",
      "integrity": "sha512-odxIc1/vDlo4iZcfXqRYFj0vpXFNoGdKMAUieAlFYO6m/nl5e9KR/beGf41z4a1FI+aQgtjhuaSlDxQ0hmkrHg=="
    },
    "resize-observer-polyfill": {
      "version": "1.5.0",
      "resolved": "https://registry.npmjs.org/resize-observer-polyfill/-/resize-observer-polyfill-1.5.0.tgz",
      "integrity": "sha512-M2AelyJDVR/oLnToJLtuDJRBBWUGUvvGigj1411hXhAdyFWqMaqHp7TixW3FpiLuVaikIcR1QL+zqoJoZlOgpg=="
    }
  }
}
