{
  "name": "scary-giiker-cube",
  "requires": true,
  "lockfileVersion": 1,
  "dependencies": {
    "@polymer/app-layout": {
      "version": "3.0.0-pre.23",
      "resolved": "https://registry.npmjs.org/@polymer/app-layout/-/app-layout-3.0.0-pre.23.tgz",
      "integrity": "sha512-WpvBD9u8nUDT1ChA9DNXcVP6Yed6bXARPbuhvyIqTieN6APrmXIwUqzT/PoDZHuCdvOGvM2gzS8IPbwx/9Jq4g==",
      "requires": {
        "@polymer/iron-flex-layout": "^3.0.0-pre.22",
        "@polymer/iron-media-query": "^3.0.0-pre.22",
        "@polymer/iron-resizable-behavior": "^3.0.0-pre.22",
        "@polymer/iron-scroll-target-behavior": "^3.0.0-pre.22",
        "@polymer/polymer": "^3.0.0"
      }
    },
    "@polymer/font-roboto": {
      "version": "3.0.0-pre.23",
      "resolved": "https://registry.npmjs.org/@polymer/font-roboto/-/font-roboto-3.0.0-pre.23.tgz",
      "integrity": "sha512-jp+PJtrN9XnXQrXG7oJyKjAeeksU1Ly06+t2Nn8nTtyEqiwhaeWNCQlDC27ysOfxiiTcs0MYcnpWC+UFOdzwng=="
    },
    "@polymer/iron-a11y-keys-behavior": {
      "version": "3.0.0-pre.23",
      "resolved": "https://registry.npmjs.org/@polymer/iron-a11y-keys-behavior/-/iron-a11y-keys-behavior-3.0.0-pre.23.tgz",
      "integrity": "sha512-DvXwTydiP3e/8peA73LpNsaz6ytxc6kn/HUv+MrAKiBPsP/yW/tFCUQ2CPrt086jV5afpbYJTwqbAblI3jsHSw==",
      "requires": {
        "@polymer/polymer": "^3.0.0"
      }
    },
    "@polymer/iron-behaviors": {
      "version": "3.0.0-pre.23",
      "resolved": "https://registry.npmjs.org/@polymer/iron-behaviors/-/iron-behaviors-3.0.0-pre.23.tgz",
      "integrity": "sha512-3kTjwsUI3t7w8dNktgUK0lWRYBWtR8GTRMwNANBkjdrBlQcnioYyXNMgFrEtNH1KDBQcnVNh0qsD4eafG3EUTQ==",
      "requires": {
        "@polymer/iron-a11y-keys-behavior": "^3.0.0-pre.22",
        "@polymer/polymer": "^3.0.0"
      }
    },
    "@polymer/iron-checked-element-behavior": {
      "version": "3.0.0-pre.23",
      "resolved": "https://registry.npmjs.org/@polymer/iron-checked-element-behavior/-/iron-checked-element-behavior-3.0.0-pre.23.tgz",
      "integrity": "sha512-R990GsQgSSfHpF+bJBmZN1eJN/yIshn48+xoEGb6XMIGGGDm+7A6fAmjhDfaPFIOpHByslqkgEBn3/ZIWJhYMA==",
      "requires": {
        "@polymer/iron-form-element-behavior": "^3.0.0-pre.22",
        "@polymer/iron-validatable-behavior": "^3.0.0-pre.22",
        "@polymer/polymer": "^3.0.0"
      }
    },
    "@polymer/iron-flex-layout": {
      "version": "3.0.0-pre.23",
      "resolved": "https://registry.npmjs.org/@polymer/iron-flex-layout/-/iron-flex-layout-3.0.0-pre.23.tgz",
      "integrity": "sha512-skB8W3qcJJnooAk6lQCDhMvIP9F4bjLIgZHvXhTrafW2Gt/bJUByc/MOuMCZbbwXX2dELkOJU68zMVw+24PusQ==",
      "requires": {
        "@polymer/polymer": "^3.0.0"
      }
    },
    "@polymer/iron-form-element-behavior": {
      "version": "3.0.0-pre.23",
      "resolved": "https://registry.npmjs.org/@polymer/iron-form-element-behavior/-/iron-form-element-behavior-3.0.0-pre.23.tgz",
      "integrity": "sha512-58S4IQCRwAR33mA2nd4a1se7DCqlcLTNpRbUEdBwF4cq6la7kXvDQQj2DwutsUWRZSJgIt08PDKnVt2GqTz3pQ==",
      "requires": {
        "@polymer/polymer": "^3.0.0"
      }
    },
    "@polymer/iron-media-query": {
      "version": "3.0.0-pre.23",
      "resolved": "https://registry.npmjs.org/@polymer/iron-media-query/-/iron-media-query-3.0.0-pre.23.tgz",
      "integrity": "sha512-hNGVR3gUUCbPxEXDj49MxEAdA2yl+NhA9LJ/IqtTCMrqy75UsmIsGBWJ0R0/4W9I9gUOwlr/vXG1d2576QcVYA==",
      "requires": {
        "@polymer/polymer": "^3.0.0"
      }
    },
    "@polymer/iron-meta": {
      "version": "3.0.0-pre.23",
      "resolved": "https://registry.npmjs.org/@polymer/iron-meta/-/iron-meta-3.0.0-pre.23.tgz",
      "integrity": "sha512-UhRJqYfRN1A3boyxJGol5jSsSn2b7S3XBJhdZ+YqntSd6hGANi854+WlWdKFLygIviv7JZ/F5pcEtpc6qHb5nQ==",
      "requires": {
        "@polymer/polymer": "^3.0.0"
      }
    },
    "@polymer/iron-resizable-behavior": {
      "version": "3.0.0-pre.23",
      "resolved": "https://registry.npmjs.org/@polymer/iron-resizable-behavior/-/iron-resizable-behavior-3.0.0-pre.23.tgz",
      "integrity": "sha512-CnKN9pQODNxjYvyU5Wsxlj/MT/E6JX1atnYyHSHP//vfYl4f9MXazHWpiqWjZKca6S+tLYN6h6P3H8wjBBDNlA==",
      "requires": {
        "@polymer/polymer": "^3.0.0"
      }
    },
    "@polymer/iron-scroll-target-behavior": {
      "version": "3.0.0-pre.23",
      "resolved": "https://registry.npmjs.org/@polymer/iron-scroll-target-behavior/-/iron-scroll-target-behavior-3.0.0-pre.23.tgz",
      "integrity": "sha512-rrgytE/c+pFLXAWGBjFB7vRObRChOlfX6Ut5sc16hcUfPRfb3dUNIMK6BFIMHeu89GgrTUKeLRS8MORmgM94Sg==",
      "requires": {
        "@polymer/polymer": "^3.0.0"
      }
    },
    "@polymer/iron-validatable-behavior": {
      "version": "3.0.0-pre.23",
      "resolved": "https://registry.npmjs.org/@polymer/iron-validatable-behavior/-/iron-validatable-behavior-3.0.0-pre.23.tgz",
      "integrity": "sha512-yPpfv+fQz7/Ipdgmet/PXI02sdheHD4r3eMdkO2xCYoXtD+FS6ac41MH+s2yKESI3tannlWwYmHmYWkIRDxoLA==",
      "requires": {
        "@polymer/iron-meta": "^3.0.0-pre.22",
        "@polymer/polymer": "^3.0.0"
      }
    },
    "@polymer/lit-element": {
      "version": "0.5.2",
      "resolved": "https://registry.npmjs.org/@polymer/lit-element/-/lit-element-0.5.2.tgz",
      "integrity": "sha512-7v/UlqVO05YuFCxxtC7jpuMQuDiPxArO7gACHqZ3uFd9/BM9YTdktX3bKRTnKTFUaPuNWWoPGvpAe2WOQCH2Pw==",
      "requires": {
        "@polymer/polymer": "^3.0.2",
        "lit-html": "^0.10.0"
      }
    },
    "@polymer/paper-behaviors": {
      "version": "3.0.0-pre.24",
      "resolved": "https://registry.npmjs.org/@polymer/paper-behaviors/-/paper-behaviors-3.0.0-pre.24.tgz",
      "integrity": "sha512-cdJn83Pq59Zw34+6j0jceT2QodZsfxckBRTxCmf/P8ZkWUx0phveIropdBQNZg1p6rUu5eCbSKSnLLaSCmg4kQ==",
      "requires": {
        "@polymer/iron-behaviors": "^3.0.0-pre.22",
        "@polymer/iron-checked-element-behavior": "^3.0.0-pre.22",
        "@polymer/paper-ripple": "^3.0.0-pre.22",
        "@polymer/polymer": "^3.0.0"
      }
    },
    "@polymer/paper-button": {
      "version": "3.0.0-pre.23",
      "resolved": "https://registry.npmjs.org/@polymer/paper-button/-/paper-button-3.0.0-pre.23.tgz",
      "integrity": "sha512-ea9uCgn0wclgeUjMfbSYikqU6A2P0kLBW9+iHSexFhHBmqpwOU+2XtDNKPV53hnVhC7t2Lis8Gco0AQJpWnxtg==",
      "requires": {
        "@polymer/iron-flex-layout": "^3.0.0-pre.22",
        "@polymer/paper-behaviors": "^3.0.0-pre.23",
        "@polymer/paper-styles": "^3.0.0-pre.22",
        "@polymer/polymer": "^3.0.0"
      },
      "dependencies": {
        "@polymer/iron-flex-layout": {
          "version": "3.0.0-pre.23",
          "resolved": "https://registry.npmjs.org/@polymer/iron-flex-layout/-/iron-flex-layout-3.0.0-pre.23.tgz",
          "integrity": "sha512-skB8W3qcJJnooAk6lQCDhMvIP9F4bjLIgZHvXhTrafW2Gt/bJUByc/MOuMCZbbwXX2dELkOJU68zMVw+24PusQ==",
          "requires": {
            "@polymer/polymer": "^3.0.0"
          }
        }
      }
    },
    "@polymer/paper-ripple": {
      "version": "3.0.0-pre.23",
      "resolved": "https://registry.npmjs.org/@polymer/paper-ripple/-/paper-ripple-3.0.0-pre.23.tgz",
      "integrity": "sha512-/Cgl2p6Shz7i+xbXKbpCBh0eAc+OuiEpWfPTsSLtamjunodYvNTjsGSPR99bUTq1QuobzSgDT1un9AmwS0D91g==",
      "requires": {
        "@polymer/iron-a11y-keys-behavior": "^3.0.0-pre.22",
        "@polymer/polymer": "^3.0.0"
      }
    },
    "@polymer/paper-styles": {
      "version": "3.0.0-pre.23",
      "resolved": "https://registry.npmjs.org/@polymer/paper-styles/-/paper-styles-3.0.0-pre.23.tgz",
      "integrity": "sha512-jq02HKdjtF6PGVbI1TVu6IoqhDR29W0xPaceJgJXchSGrJYHVTjIoRfxgFk31Hx7JbGLuHXdkrmeRj7MESz53A==",
      "requires": {
        "@polymer/font-roboto": "^3.0.0-pre.22",
        "@polymer/iron-flex-layout": "^3.0.0-pre.22",
        "@polymer/polymer": "^3.0.0"
      },
      "dependencies": {
        "@polymer/iron-flex-layout": {
          "version": "3.0.0-pre.23",
          "resolved": "https://registry.npmjs.org/@polymer/iron-flex-layout/-/iron-flex-layout-3.0.0-pre.23.tgz",
          "integrity": "sha512-skB8W3qcJJnooAk6lQCDhMvIP9F4bjLIgZHvXhTrafW2Gt/bJUByc/MOuMCZbbwXX2dELkOJU68zMVw+24PusQ==",
          "requires": {
            "@polymer/polymer": "^3.0.0"
          }
        }
      }
    },
    "@polymer/polymer": {
      "version": "3.0.5",
      "resolved": "https://registry.npmjs.org/@polymer/polymer/-/polymer-3.0.5.tgz",
      "integrity": "sha512-Zbmhtr5vZ3NoHWwFYLKI4ff7yfE6DZopI8vaS7HvmUIuNqsv/EpEDXfNEYjqePQmkMX5LU9OIKV1eX/+9aveow==",
      "requires": {
        "@webcomponents/shadycss": "^1.2.0"
      }
    },
    "@scarygami/scary-cube": {
      "version": "1.0.7",
      "resolved": "https://registry.npmjs.org/@scarygami/scary-cube/-/scary-cube-1.0.7.tgz",
      "integrity": "sha512-UyXlyRX5PIhiZm8UWGaBp1Qtudn1WpCp35F4kFjz/jbQT8lzVFsHZxNEdoB7xZOYe6vmEhMe8BLqCi3oh196Sg==",
      "requires": {
        "@polymer/lit-element": "^0.5.2",
        "@polymer/polymer": "^3.0.0",
        "resize-observer-polyfill": "^1.5.0"
      }
    },
    "@scarygami/scary-stopwatch": {
      "version": "1.0.0",
      "resolved": "https://registry.npmjs.org/@scarygami/scary-stopwatch/-/scary-stopwatch-1.0.0.tgz",
      "integrity": "sha512-GwZTFQUfXXB31fMeQFsUDny0vi5h4MeTr9NvAADfYIABkHK0up0d6JJTSNEDlZ0BdJW6yEiusdqt1SeqnhXU0g==",
      "requires": {
        "@polymer/lit-element": "^0.5.2"
      }
    },
    "@webcomponents/shadycss": {
      "version": "1.5.0",
      "resolved": "https://registry.npmjs.org/@webcomponents/shadycss/-/shadycss-1.5.0.tgz",
      "integrity": "sha512-jNuC7alo3EfiqZPosCruJuMAaUI9qgiuGxFcFyPWjOpo4BP+vgC7hxpTzQYxbIWUgrqkn9lnfPup2hE9c/h/PQ=="
    },
    "@webcomponents/webcomponentsjs": {
      "version": "2.1.0",
      "resolved": "https://registry.npmjs.org/@webcomponents/webcomponentsjs/-/webcomponentsjs-2.1.0.tgz",
      "integrity": "sha512-uc48x6iWiZvfrSc2nhivTIMWpUop+PGbJrH+npVMY0CBeOkUx/I5CUGh1zOVBdLdn0597EM/IKribcCrbtQSQg=="
    },
    "cube-scrambler": {
      "version": "github:scarygami/cube-scrambler#61f12b6c34e81d7745e2418c5b5f84ad2be39cb7",
      "from": "github:scarygami/cube-scrambler#master"
    },
    "giiker": {
      "version": "github:scarygami/giiker#a13165341e50797b04db03e29272afee2dcdd840",
      "from": "github:scarygami/giiker#master"
    },
    "lit-html": {
      "version": "0.10.2",
      "resolved": "https://registry.npmjs.org/lit-html/-/lit-html-0.10.2.tgz",
      "integrity": "sha512-ue0pIX3Fj5gUsNSozdRQIb1MAgNqFQsHgvHE/FU34xyu9NN/af3EISr7Bb+vP9YeLXIA4vLLOoYp2Z22dVYhww=="
    },
    "resize-observer-polyfill": {
      "version": "1.5.0",
      "resolved": "https://registry.npmjs.org/resize-observer-polyfill/-/resize-observer-polyfill-1.5.0.tgz",
      "integrity": "sha512-M2AelyJDVR/oLnToJLtuDJRBBWUGUvvGigj1411hXhAdyFWqMaqHp7TixW3FpiLuVaikIcR1QL+zqoJoZlOgpg=="
    }
  }
}
